
Microsoft Visual Studio Solution File, Format Version 12.00
# Visual Studio 15
VisualStudioVersion = 15.0.28010.2048
MinimumVisualStudioVersion = 10.0.40219.1
Project("{159641D6-6404-4A2A-AE62-294DE0FE8301}") = "Project3_ETL", "Project3_ETL\Project3_ETL.dtproj", "{69124094-9F72-4122-9E58-D8B9BF685F56}"
EndProject
Global
	GlobalSection(SolutionConfigurationPlatforms) = preSolution
		Development|Default = Development|Default
	EndGlobalSection
	GlobalSection(ProjectConfigurationPlatforms) = postSolution
		{69124094-9F72-4122-9E58-D8B9BF685F56}.Development|Default.ActiveCfg = Development
		{69124094-9F72-4122-9E58-D8B9BF685F56}.Development|Default.Build.0 = Development
	EndGlobalSection
	GlobalSection(SolutionProperties) = preSolution
		HideSolutionNode = FALSE
	EndGlobalSection
	GlobalSection(ExtensibilityGlobals) = postSolution
		SolutionGuid = {53FB86E5-EE39-42BA-A328-021010FAE23B}
	EndGlobalSection
EndGlobal
